
Microsoft Visual Studio Solution File, Format Version 12.00
Project("{FAE04EC0-301F-11D3-BF4B-00C04F79EFBC}") = "CacheSheet", "src\CacheSheet\CacheSheet.csproj", "{315F9F81-4E14-4CC8-8473-60F68CD3C2DA}"
EndProject
Project("{FAE04EC0-301F-11D3-BF4B-00C04F79EFBC}") = "CecheSheet.Tests.Interop", "test\CacheSheet.Tests.Interop\CacheSheet.Tests.Interop.csproj", "{30B17516-2398-4BBE-8D5A-3CA175F25061}"
EndProject
Global
	GlobalSection(SolutionConfigurationPlatforms) = preSolution
		Debug|Any CPU = Debug|Any CPU
		Release|Any CPU = Release|Any CPU
	EndGlobalSection
	GlobalSection(ProjectConfigurationPlatforms) = postSolution
		{315F9F81-4E14-4CC8-8473-60F68CD3C2DA}.Debug|Any CPU.ActiveCfg = Debug|Any CPU
		{315F9F81-4E14-4CC8-8473-60F68CD3C2DA}.Debug|Any CPU.Build.0 = Debug|Any CPU
		{315F9F81-4E14-4CC8-8473-60F68CD3C2DA}.Release|Any CPU.ActiveCfg = Release|Any CPU
		{315F9F81-4E14-4CC8-8473-60F68CD3C2DA}.Release|Any CPU.Build.0 = Release|Any CPU
		{30B17516-2398-4BBE-8D5A-3CA175F25061}.Debug|Any CPU.ActiveCfg = Debug|Any CPU
		{30B17516-2398-4BBE-8D5A-3CA175F25061}.Debug|Any CPU.Build.0 = Debug|Any CPU
		{30B17516-2398-4BBE-8D5A-3CA175F25061}.Release|Any CPU.ActiveCfg = Release|Any CPU
		{30B17516-2398-4BBE-8D5A-3CA175F25061}.Release|Any CPU.Build.0 = Release|Any CPU
	EndGlobalSection
EndGlobal
